
Microsoft Visual Studio Solution File, Format Version 12.00
# Visual Studio Version 16
VisualStudioVersion = 25.0.1706.4
MinimumVisualStudioVersion = 10.0.40219.1
Project("{FAE04EC0-301F-11D3-BF4B-00C04F79EFBC}") = "Orange tree", "Orange tree\Orange tree.csproj", "{5D4B589B-DF3E-4DE7-BCA5-C8D865D659B5}"
EndProject
Global
	GlobalSection(SolutionConfigurationPlatforms) = preSolution
		Debug|Any CPU = Debug|Any CPU
		Release|Any CPU = Release|Any CPU
	EndGlobalSection
	GlobalSection(ProjectConfigurationPlatforms) = postSolution
		{5D4B589B-DF3E-4DE7-BCA5-C8D865D659B5}.Debug|Any CPU.ActiveCfg = Debug|Any CPU
		{5D4B589B-DF3E-4DE7-BCA5-C8D865D659B5}.Debug|Any CPU.Build.0 = Debug|Any CPU
		{5D4B589B-DF3E-4DE7-BCA5-C8D865D659B5}.Release|Any CPU.ActiveCfg = Release|Any CPU
		{5D4B589B-DF3E-4DE7-BCA5-C8D865D659B5}.Release|Any CPU.Build.0 = Release|Any CPU
	EndGlobalSection
	GlobalSection(SolutionProperties) = preSolution
		HideSolutionNode = FALSE
	EndGlobalSection
	GlobalSection(ExtensibilityGlobals) = postSolution
		SolutionGuid = {C8FB3F13-CB82-4CF4-8CD2-AE2C2702E8E0}
	EndGlobalSection
EndGlobal
